{
  "lockfile_version": "1",
  "packages": {
    "ag@latest": {
      "last_modified": "2022-02-25T05:00:09Z",
      "resolved": "github:NixOS/nixpkgs/056c34167d3210a674ef21691afbbce1ed63f8ca#ag",
      "source": "devbox-search",
      "version": "2.2.0"
    },
    "bc@latest": {
      "last_modified": "2023-05-07T06:59:10Z",
      "resolved": "github:NixOS/nixpkgs/eb751d65225ec53de9cf3d88acbf08d275882389#bc",
      "source": "devbox-search",
      "version": "1.07.1"
    },
    "coreutils@latest": {
      "last_modified": "2023-06-29T16:20:38Z",
      "resolved": "github:NixOS/nixpkgs/3c614fbc76fc152f3e1bc4b2263da6d90adf80fb#coreutils",
      "source": "devbox-search",
      "version": "9.3"
    },
    "gh@latest": {
      "last_modified": "2023-06-29T16:20:38Z",
      "resolved": "github:NixOS/nixpkgs/3c614fbc76fc152f3e1bc4b2263da6d90adf80fb#gh",
      "source": "devbox-search",
      "version": "2.31.0"
    },
    "glibcLocales@latest": {
      "last_modified": "2023-05-20T19:54:14Z",
      "resolved": "github:NixOS/nixpkgs/8bf3e834daedadc6d0f4172616b2bdede1109c48#glibcLocales",
      "source": "devbox-search",
      "version": "2.37-8"
    },
    "go@1.20.5": {
      "last_modified": "2023-06-29T16:20:38Z",
      "resolved": "github:NixOS/nixpkgs/3c614fbc76fc152f3e1bc4b2263da6d90adf80fb#go",
      "source": "devbox-search",
      "version": "1.20.5"
    },
    "hyperfine@latest": {
      "last_modified": "2023-07-25T23:32:12Z",
      "resolved": "github:NixOS/nixpkgs/a9b47d85504bdd199e90846622c76aa0bfeabfac#hyperfine",
      "source": "devbox-search",
      "version": "1.17.0"
    },
    "jq@latest": {
      "last_modified": "2023-06-29T16:20:38Z",
      "resolved": "github:NixOS/nixpkgs/3c614fbc76fc152f3e1bc4b2263da6d90adf80fb#jq",
      "source": "devbox-search",
      "version": "1.6"
    },
    "kitty@latest": {
      "last_modified": "2023-07-30T12:29:02Z",
      "resolved": "github:NixOS/nixpkgs/3acb5c4264c490e7714d503c7166a3fde0c51324#kitty",
      "source": "devbox-search",
      "version": "0.29.2"
    },
    "locale@latest": {
      "last_modified": "2021-07-29T04:33:19Z",
      "resolved": "github:NixOS/nixpkgs/dd98b100651cfbb8804f32d852f75ef7c97a6b74#locale",
      "source": "devbox-search",
      "version": "1003.1-2008"
    },
    "moreutils@latest": {
      "last_modified": "2023-05-07T06:59:10Z",
      "resolved": "github:NixOS/nixpkgs/eb751d65225ec53de9cf3d88acbf08d275882389#moreutils",
      "source": "devbox-search",
      "version": "0.67"
    },
    "mosh@latest": {
      "last_modified": "2023-05-07T06:59:10Z",
      "resolved": "github:NixOS/nixpkgs/eb751d65225ec53de9cf3d88acbf08d275882389#mosh",
      "source": "devbox-search",
      "version": "1.4.0"
    },
    "neovim@latest": {
      "last_modified": "2023-07-25T23:32:12Z",
      "resolved": "github:NixOS/nixpkgs/a9b47d85504bdd199e90846622c76aa0bfeabfac#neovim",
      "source": "devbox-search",
      "version": "0.9.1"
    },
    "nerdfonts@latest": {
      "last_modified": "2023-07-25T23:32:12Z",
      "resolved": "github:NixOS/nixpkgs/a9b47d85504bdd199e90846622c76aa0bfeabfac#nerdfonts",
      "source": "devbox-search",
      "version": "3.0.2"
    },
    "nodejs@latest": {
      "last_modified": "2023-07-23T03:35:12Z",
      "resolved": "github:NixOS/nixpkgs/af8cd5ded7735ca1df1a1174864daab75feeb64a#nodejs_20",
      "source": "devbox-search",
      "version": "20.5.0"
    },
    "parallel@latest": {
      "last_modified": "2023-06-29T16:20:38Z",
      "resolved": "github:NixOS/nixpkgs/3c614fbc76fc152f3e1bc4b2263da6d90adf80fb#parallel",
      "source": "devbox-search",
      "version": "20230622"
    },
    "pyenv@latest": {
      "last_modified": "2023-07-25T23:32:12Z",
      "resolved": "github:NixOS/nixpkgs/a9b47d85504bdd199e90846622c76aa0bfeabfac#pyenv",
      "source": "devbox-search",
      "version": "2.3.23"
    },
    "tmux@latest": {
      "last_modified": "2023-05-07T06:59:10Z",
      "resolved": "github:NixOS/nixpkgs/eb751d65225ec53de9cf3d88acbf08d275882389#tmux",
      "source": "devbox-search",
      "version": "3.3a"
    },
    "tree@latest": {
      "last_modified": "2023-07-23T03:35:12Z",
      "resolved": "github:NixOS/nixpkgs/af8cd5ded7735ca1df1a1174864daab75feeb64a#tree",
      "source": "devbox-search",
      "version": "2.1.1"
    },
    "util-linux@latest": {
      "last_modified": "2023-05-06T16:57:53Z",
      "resolved": "github:NixOS/nixpkgs/16b3b0c53b1ee8936739f8c588544e7fcec3fc60#util-linux",
      "source": "devbox-search",
      "version": "1003.1-2008"
    },
    "virtualenv@latest": {
      "last_modified": "2023-05-07T06:59:10Z",
      "resolved": "github:NixOS/nixpkgs/eb751d65225ec53de9cf3d88acbf08d275882389#virtualenv",
      "source": "devbox-search",
      "version": "20.19.0"
    },
    "xclip@latest": {
      "last_modified": "2023-05-20T19:54:14Z",
      "resolved": "github:NixOS/nixpkgs/8bf3e834daedadc6d0f4172616b2bdede1109c48#xclip",
      "source": "devbox-search",
      "version": "0.13"
    }
  }
}
